{
  "name": "@project-sunbird/sunbird-epub-player-v9",
  "version": "8.0.0",
  "lockfileVersion": 3,
  "requires": true,
  "packages": {
    "": {
      "name": "@project-sunbird/sunbird-epub-player-v9",
      "version": "8.0.0",
      "license": "MIT",
      "dependencies": {
        "@project-sunbird/sunbird-player-sdk-v9": "6.0.7",
        "tslib": "^2.0.0"
      },
      "peerDependencies": {
        "@angular/common": "17.3.7",
        "@angular/core": "17.3.7",
        "@project-sunbird/client-services": ">=3.4.8",
        "@project-sunbird/sb-styles": ">=0.0.7"
      }
    },
    "node_modules/@project-sunbird/sunbird-player-sdk-v9": {
      "version": "6.0.7",
      "resolved": "https://registry.npmjs.org/@project-sunbird/sunbird-player-sdk-v9/-/sunbird-player-sdk-v9-6.0.7.tgz",
      "integrity": "sha512-twlzA8kmLXsLAo1lD10oFmNLeS8ujLCmdGb/3bV6+62wuU2LV8W604PtU4NLZRxAiWpO7J5cDUj3JbyedU6/Xw==",
      "dependencies": {
        "tslib": "^2.0.0"
      },
      "peerDependencies": {
        "@angular/common": "^17.2.3",
        "@angular/core": "^17.2.3",
        "@project-sunbird/sb-styles": ">= 0.0.7",
        "ally.js": "1.4.1"
      }
    },
    "node_modules/tslib": {
      "version": "2.4.1",
      "resolved": "https://registry.npmjs.org/tslib/-/tslib-2.4.1.tgz",
      "integrity": "sha512-tGyy4dAjRIEwI7BzsB0lynWgOpfqjUdq91XXAlIWD2OwKBH7oCl/GZG/HT4BOHrTlPMOASlMQ7veyTqpmRcrNA=="
    }
  }
}
